// !$*UTF8*$!
{
	archiveVersion = 1;
	classes = {
	};
	objectVersion = 50;
	objects = {

/* Begin PBXBuildFile section */
		874DD4FF24E441AB0029CB13 /* AppDelegate.swift in Sources */ = {isa = PBXBuildFile; fileRef = 874DD4FE24E441AB0029CB13 /* AppDelegate.swift */; };
		874DD50124E441AB0029CB13 /* SceneDelegate.swift in Sources */ = {isa = PBXBuildFile; fileRef = 874DD50024E441AB0029CB13 /* SceneDelegate.swift */; };
		874DD50824E441AC0029CB13 /* Assets.xcassets in Resources */ = {isa = PBXBuildFile; fileRef = 874DD50724E441AC0029CB13 /* Assets.xcassets */; };
		874DD51424E443FA0029CB13 /* TestViewController.swift in Sources */ = {isa = PBXBuildFile; fileRef = 874DD51224E443FA0029CB13 /* TestViewController.swift */; };
		874DD51524E443FA0029CB13 /* TestViewController.xib in Resources */ = {isa = PBXBuildFile; fileRef = 874DD51324E443FA0029CB13 /* TestViewController.xib */; };
		874DD51724E44B5E0029CB13 /* CountModel.swift in Sources */ = {isa = PBXBuildFile; fileRef = 874DD51624E44B5E0029CB13 /* CountModel.swift */; };
		874DD51924E46D2C0029CB13 /* Coordinator.swift in Sources */ = {isa = PBXBuildFile; fileRef = 874DD51824E46D2C0029CB13 /* Coordinator.swift */; };
		874DD51B24E48B880029CB13 /* ColorSelectorView.swift in Sources */ = {isa = PBXBuildFile; fileRef = 874DD51A24E48B880029CB13 /* ColorSelectorView.swift */; };
		874DD51D24E582670029CB13 /* ObserverProtocols.swift in Sources */ = {isa = PBXBuildFile; fileRef = 874DD51C24E582670029CB13 /* ObserverProtocols.swift */; };
		874DD52624E5907E0029CB13 /* LaunchScreen.storyboard in Resources */ = {isa = PBXBuildFile; fileRef = 874DD52424E5907D0029CB13 /* LaunchScreen.storyboard */; };
		874DD52724E5907E0029CB13 /* Main.storyboard in Resources */ = {isa = PBXBuildFile; fileRef = 874DD52524E5907D0029CB13 /* Main.storyboard */; };
/* End PBXBuildFile section */

/* Begin PBXFileReference section */
		874DD4FB24E441AB0029CB13 /* CombineTest.app */ = {isa = PBXFileReference; explicitFileType = wrapper.application; includeInIndex = 0; path = CombineTest.app; sourceTree = BUILT_PRODUCTS_DIR; };
		874DD4FE24E441AB0029CB13 /* AppDelegate.swift */ = {isa = PBXFileReference; lastKnownFileType = sourcecode.swift; path = AppDelegate.swift; sourceTree = "<group>"; };
		874DD50024E441AB0029CB13 /* SceneDelegate.swift */ = {isa = PBXFileReference; lastKnownFileType = sourcecode.swift; path = SceneDelegate.swift; sourceTree = "<group>"; };
		874DD50724E441AC0029CB13 /* Assets.xcassets */ = {isa = PBXFileReference; lastKnownFileType = folder.assetcatalog; path = Assets.xcassets; sourceTree = "<group>"; };
		874DD50C24E441AC0029CB13 /* Info.plist */ = {isa = PBXFileReference; lastKnownFileType = text.plist.xml; path = Info.plist; sourceTree = "<group>"; };
		874DD51224E443FA0029CB13 /* TestViewController.swift */ = {isa = PBXFileReference; lastKnownFileType = sourcecode.swift; path = TestViewController.swift; sourceTree = "<group>"; };
		874DD51324E443FA0029CB13 /* TestViewController.xib */ = {isa = PBXFileReference; lastKnownFileType = file.xib; path = TestViewController.xib; sourceTree = "<group>"; };
		874DD51624E44B5E0029CB13 /* CountModel.swift */ = {isa = PBXFileReference; lastKnownFileType = sourcecode.swift; path = CountModel.swift; sourceTree = "<group>"; };
		874DD51824E46D2C0029CB13 /* Coordinator.swift */ = {isa = PBXFileReference; lastKnownFileType = sourcecode.swift; path = Coordinator.swift; sourceTree = "<group>"; };
		874DD51A24E48B880029CB13 /* ColorSelectorView.swift */ = {isa = PBXFileReference; lastKnownFileType = sourcecode.swift; path = ColorSelectorView.swift; sourceTree = "<group>"; };
		874DD51C24E582670029CB13 /* ObserverProtocols.swift */ = {isa = PBXFileReference; lastKnownFileType = sourcecode.swift; path = ObserverProtocols.swift; sourceTree = "<group>"; };
		874DD52424E5907D0029CB13 /* LaunchScreen.storyboard */ = {isa = PBXFileReference; fileEncoding = 4; lastKnownFileType = file.storyboard; path = LaunchScreen.storyboard; sourceTree = "<group>"; };
		874DD52524E5907D0029CB13 /* Main.storyboard */ = {isa = PBXFileReference; fileEncoding = 4; lastKnownFileType = file.storyboard; path = Main.storyboard; sourceTree = "<group>"; };
/* End PBXFileReference section */

/* Begin PBXFrameworksBuildPhase section */
		874DD4F824E441AB0029CB13 /* Frameworks */ = {
			isa = PBXFrameworksBuildPhase;
			buildActionMask = 2147483647;
			files = (
			);
			runOnlyForDeploymentPostprocessing = 0;
		};
/* End PBXFrameworksBuildPhase section */

/* Begin PBXGroup section */
		874DD4F224E441AB0029CB13 = {
			isa = PBXGroup;
			children = (
				874DD4FD24E441AB0029CB13 /* CombineTest */,
				874DD4FC24E441AB0029CB13 /* Products */,
			);
			sourceTree = "<group>";
		};
		874DD4FC24E441AB0029CB13 /* Products */ = {
			isa = PBXGroup;
			children = (
				874DD4FB24E441AB0029CB13 /* CombineTest.app */,
			);
			name = Products;
			sourceTree = "<group>";
		};
		874DD4FD24E441AB0029CB13 /* CombineTest */ = {
			isa = PBXGroup;
			children = (
				874DD52824E590D70029CB13 /* UselessCrap */,
				874DD52324E58FE30029CB13 /* Coordinators */,
				874DD52224E58FD30029CB13 /* Protocols */,
				874DD52124E58F030029CB13 /* Views */,
				874DD52024E58ED70029CB13 /* Models */,
				874DD51F24E58EBD0029CB13 /* ViewControllers */,
				874DD51E24E58EA80029CB13 /* AppDelegate */,
				874DD50724E441AC0029CB13 /* Assets.xcassets */,
				874DD50C24E441AC0029CB13 /* Info.plist */,
			);
			path = CombineTest;
			sourceTree = "<group>";
		};
		874DD51E24E58EA80029CB13 /* AppDelegate */ = {
			isa = PBXGroup;
			children = (
				874DD4FE24E441AB0029CB13 /* AppDelegate.swift */,
				874DD50024E441AB0029CB13 /* SceneDelegate.swift */,
			);
			path = AppDelegate;
			sourceTree = "<group>";
		};
		874DD51F24E58EBD0029CB13 /* ViewControllers */ = {
			isa = PBXGroup;
			children = (
				874DD51224E443FA0029CB13 /* TestViewController.swift */,
				874DD51324E443FA0029CB13 /* TestViewController.xib */,
			);
			path = ViewControllers;
			sourceTree = "<group>";
		};
		874DD52024E58ED70029CB13 /* Models */ = {
			isa = PBXGroup;
			children = (
				874DD51624E44B5E0029CB13 /* CountModel.swift */,
			);
			path = Models;
			sourceTree = "<group>";
		};
		874DD52124E58F030029CB13 /* Views */ = {
			isa = PBXGroup;
			children = (
				874DD51A24E48B880029CB13 /* ColorSelectorView.swift */,
			);
			path = Views;
			sourceTree = "<group>";
		};
		874DD52224E58FD30029CB13 /* Protocols */ = {
			isa = PBXGroup;
			children = (
				874DD51C24E582670029CB13 /* ObserverProtocols.swift */,
			);
			path = Protocols;
			sourceTree = "<group>";
		};
		874DD52324E58FE30029CB13 /* Coordinators */ = {
			isa = PBXGroup;
			children = (
				874DD51824E46D2C0029CB13 /* Coordinator.swift */,
			);
			path = Coordinators;
			sourceTree = "<group>";
		};
		874DD52824E590D70029CB13 /* UselessCrap */ = {
			isa = PBXGroup;
			children = (
				874DD52424E5907D0029CB13 /* LaunchScreen.storyboard */,
				874DD52524E5907D0029CB13 /* Main.storyboard */,
			);
			path = UselessCrap;
			sourceTree = "<group>";
		};
/* End PBXGroup section */

/* Begin PBXNativeTarget section */
		874DD4FA24E441AB0029CB13 /* CombineTest */ = {
			isa = PBXNativeTarget;
			buildConfigurationList = 874DD50F24E441AC0029CB13 /* Build configuration list for PBXNativeTarget "CombineTest" */;
			buildPhases = (
				874DD4F724E441AB0029CB13 /* Sources */,
				874DD4F824E441AB0029CB13 /* Frameworks */,
				874DD4F924E441AB0029CB13 /* Resources */,
			);
			buildRules = (
			);
			dependencies = (
			);
			name = CombineTest;
			productName = CombineTest;
			productReference = 874DD4FB24E441AB0029CB13 /* CombineTest.app */;
			productType = "com.apple.product-type.application";
		};
/* End PBXNativeTarget section */

/* Begin PBXProject section */
		874DD4F324E441AB0029CB13 /* Project object */ = {
			isa = PBXProject;
			attributes = {
				LastSwiftUpdateCheck = 1140;
				LastUpgradeCheck = 1140;
				ORGANIZATIONNAME = "Zakaria Bounouar";
				TargetAttributes = {
					874DD4FA24E441AB0029CB13 = {
						CreatedOnToolsVersion = 11.4.1;
					};
				};
			};
			buildConfigurationList = 874DD4F624E441AB0029CB13 /* Build configuration list for PBXProject "CombineTest" */;
			compatibilityVersion = "Xcode 9.3";
			developmentRegion = en;
			hasScannedForEncodings = 0;
			knownRegions = (
				en,
				Base,
			);
			mainGroup = 874DD4F224E441AB0029CB13;
			productRefGroup = 874DD4FC24E441AB0029CB13 /* Products */;
			projectDirPath = "";
			projectRoot = "";
			targets = (
				874DD4FA24E441AB0029CB13 /* CombineTest */,
			);
		};
/* End PBXProject section */

/* Begin PBXResourcesBuildPhase section */
		874DD4F924E441AB0029CB13 /* Resources */ = {
			isa = PBXResourcesBuildPhase;
			buildActionMask = 2147483647;
			files = (
				874DD52624E5907E0029CB13 /* LaunchScreen.storyboard in Resources */,
				874DD50824E441AC0029CB13 /* Assets.xcassets in Resources */,
				874DD51524E443FA0029CB13 /* TestViewController.xib in Resources */,
				874DD52724E5907E0029CB13 /* Main.storyboard in Resources */,
			);
			runOnlyForDeploymentPostprocessing = 0;
		};
/* End PBXResourcesBuildPhase section */

/* Begin PBXSourcesBuildPhase section */
		874DD4F724E441AB0029CB13 /* Sources */ = {
			isa = PBXSourcesBuildPhase;
			buildActionMask = 2147483647;
			files = (
				874DD51724E44B5E0029CB13 /* CountModel.swift in Sources */,
				874DD51924E46D2C0029CB13 /* Coordinator.swift in Sources */,
				874DD4FF24E441AB0029CB13 /* AppDelegate.swift in Sources */,
				874DD51424E443FA0029CB13 /* TestViewController.swift in Sources */,
				874DD50124E441AB0029CB13 /* SceneDelegate.swift in Sources */,
				874DD51B24E48B880029CB13 /* ColorSelectorView.swift in Sources */,
				874DD51D24E582670029CB13 /* ObserverProtocols.swift in Sources */,
			);
			runOnlyForDeploymentPostprocessing = 0;
		};
/* End PBXSourcesBuildPhase section */

/* Begin XCBuildConfiguration section */
		874DD50D24E441AC0029CB13 /* Debug */ = {
			isa = XCBuildConfiguration;
			buildSettings = {
				ALWAYS_SEARCH_USER_PATHS = NO;
				CLANG_ANALYZER_NONNULL = YES;
				CLANG_ANALYZER_NUMBER_OBJECT_CONVERSION = YES_AGGRESSIVE;
				CLANG_CXX_LANGUAGE_STANDARD = "gnu++14";
				CLANG_CXX_LIBRARY = "libc++";
				CLANG_ENABLE_MODULES = YES;
				CLANG_ENABLE_OBJC_ARC = YES;
				CLANG_ENABLE_OBJC_WEAK = YES;
				CLANG_WARN_BLOCK_CAPTURE_AUTORELEASING = YES;
				CLANG_WARN_BOOL_CONVERSION = YES;
				CLANG_WARN_COMMA = YES;
				CLANG_WARN_CONSTANT_CONVERSION = YES;
				CLANG_WARN_DEPRECATED_OBJC_IMPLEMENTATIONS = YES;
				CLANG_WARN_DIRECT_OBJC_ISA_USAGE = YES_ERROR;
				CLANG_WARN_DOCUMENTATION_COMMENTS = YES;
				CLANG_WARN_EMPTY_BODY = YES;
				CLANG_WARN_ENUM_CONVERSION = YES;
				CLANG_WARN_INFINITE_RECURSION = YES;
				CLANG_WARN_INT_CONVERSION = YES;
				CLANG_WARN_NON_LITERAL_NULL_CONVERSION = YES;
				CLANG_WARN_OBJC_IMPLICIT_RETAIN_SELF = YES;
				CLANG_WARN_OBJC_LITERAL_CONVERSION = YES;
				CLANG_WARN_OBJC_ROOT_CLASS = YES_ERROR;
				CLANG_WARN_RANGE_LOOP_ANALYSIS = YES;
				CLANG_WARN_STRICT_PROTOTYPES = YES;
				CLANG_WARN_SUSPICIOUS_MOVE = YES;
				CLANG_WARN_UNGUARDED_AVAILABILITY = YES_AGGRESSIVE;
				CLANG_WARN_UNREACHABLE_CODE = YES;
				CLANG_WARN__DUPLICATE_METHOD_MATCH = YES;
				COPY_PHASE_STRIP = NO;
				DEBUG_INFORMATION_FORMAT = dwarf;
				ENABLE_STRICT_OBJC_MSGSEND = YES;
				ENABLE_TESTABILITY = YES;
				GCC_C_LANGUAGE_STANDARD = gnu11;
				GCC_DYNAMIC_NO_PIC = NO;
				GCC_NO_COMMON_BLOCKS = YES;
				GCC_OPTIMIZATION_LEVEL = 0;
				GCC_PREPROCESSOR_DEFINITIONS = (
					"DEBUG=1",
					"$(inherited)",
				);
				GCC_WARN_64_TO_32_BIT_CONVERSION = YES;
				GCC_WARN_ABOUT_RETURN_TYPE = YES_ERROR;
				GCC_WARN_UNDECLARED_SELECTOR = YES;
				GCC_WARN_UNINITIALIZED_AUTOS = YES_AGGRESSIVE;
				GCC_WARN_UNUSED_FUNCTION = YES;
				GCC_WARN_UNUSED_VARIABLE = YES;
				IPHONEOS_DEPLOYMENT_TARGET = 13.4;
				MTL_ENABLE_DEBUG_INFO = INCLUDE_SOURCE;
				MTL_FAST_MATH = YES;
				ONLY_ACTIVE_ARCH = YES;
				SDKROOT = iphoneos;
				SWIFT_ACTIVE_COMPILATION_CONDITIONS = DEBUG;
				SWIFT_OPTIMIZATION_LEVEL = "-Onone";
			};
			name = Debug;
		};
		874DD50E24E441AC0029CB13 /* Release */ = {
			isa = XCBuildConfiguration;
			buildSettings = {
				ALWAYS_SEARCH_USER_PATHS = NO;
				CLANG_ANALYZER_NONNULL = YES;
				CLANG_ANALYZER_NUMBER_OBJECT_CONVERSION = YES_AGGRESSIVE;
				CLANG_CXX_LANGUAGE_STANDARD = "gnu++14";
				CLANG_CXX_LIBRARY = "libc++";
				CLANG_ENABLE_MODULES = YES;
				CLANG_ENABLE_OBJC_ARC = YES;
				CLANG_ENABLE_OBJC_WEAK = YES;
				CLANG_WARN_BLOCK_CAPTURE_AUTORELEASING = YES;
				CLANG_WARN_BOOL_CONVERSION = YES;
				CLANG_WARN_COMMA = YES;
				CLANG_WARN_CONSTANT_CONVERSION = YES;
				CLANG_WARN_DEPRECATED_OBJC_IMPLEMENTATIONS = YES;
				CLANG_WARN_DIRECT_OBJC_ISA_USAGE = YES_ERROR;
				CLANG_WARN_DOCUMENTATION_COMMENTS = YES;
				CLANG_WARN_EMPTY_BODY = YES;
				CLANG_WARN_ENUM_CONVERSION = YES;
				CLANG_WARN_INFINITE_RECURSION = YES;
				CLANG_WARN_INT_CONVERSION = YES;
				CLANG_WARN_NON_LITERAL_NULL_CONVERSION = YES;
				CLANG_WARN_OBJC_IMPLICIT_RETAIN_SELF = YES;
				CLANG_WARN_OBJC_LITERAL_CONVERSION = YES;
				CLANG_WARN_OBJC_ROOT_CLASS = YES_ERROR;
				CLANG_WARN_RANGE_LOOP_ANALYSIS = YES;
				CLANG_WARN_STRICT_PROTOTYPES = YES;
				CLANG_WARN_SUSPICIOUS_MOVE = YES;
				CLANG_WARN_UNGUARDED_AVAILABILITY = YES_AGGRESSIVE;
				CLANG_WARN_UNREACHABLE_CODE = YES;
				CLANG_WARN__DUPLICATE_METHOD_MATCH = YES;
				COPY_PHASE_STRIP = NO;
				DEBUG_INFORMATION_FORMAT = "dwarf-with-dsym";
				ENABLE_NS_ASSERTIONS = NO;
				ENABLE_STRICT_OBJC_MSGSEND = YES;
				GCC_C_LANGUAGE_STANDARD = gnu11;
				GCC_NO_COMMON_BLOCKS = YES;
				GCC_WARN_64_TO_32_BIT_CONVERSION = YES;
				GCC_WARN_ABOUT_RETURN_TYPE = YES_ERROR;
				GCC_WARN_UNDECLARED_SELECTOR = YES;
				GCC_WARN_UNINITIALIZED_AUTOS = YES_AGGRESSIVE;
				GCC_WARN_UNUSED_FUNCTION = YES;
				GCC_WARN_UNUSED_VARIABLE = YES;
				IPHONEOS_DEPLOYMENT_TARGET = 13.4;
				MTL_ENABLE_DEBUG_INFO = NO;
				MTL_FAST_MATH = YES;
				SDKROOT = iphoneos;
				SWIFT_COMPILATION_MODE = wholemodule;
				SWIFT_OPTIMIZATION_LEVEL = "-O";
				VALIDATE_PRODUCT = YES;
			};
			name = Release;
		};
		874DD51024E441AC0029CB13 /* Debug */ = {
			isa = XCBuildConfiguration;
			buildSettings = {
				ASSETCATALOG_COMPILER_APPICON_NAME = AppIcon;
				CODE_SIGN_STYLE = Automatic;
				INFOPLIST_FILE = CombineTest/Info.plist;
				LD_RUNPATH_SEARCH_PATHS = (
					"$(inherited)",
					"@executable_path/Frameworks",
				);
				PRODUCT_BUNDLE_IDENTIFIER = com.my.ass.CombineTest;
				PRODUCT_NAME = "$(TARGET_NAME)";
				SWIFT_VERSION = 5.0;
				TARGETED_DEVICE_FAMILY = "1,2";
			};
			name = Debug;
		};
		874DD51124E441AC0029CB13 /* Release */ = {
			isa = XCBuildConfiguration;
			buildSettings = {
				ASSETCATALOG_COMPILER_APPICON_NAME = AppIcon;
				CODE_SIGN_STYLE = Automatic;
				INFOPLIST_FILE = CombineTest/Info.plist;
				LD_RUNPATH_SEARCH_PATHS = (
					"$(inherited)",
					"@executable_path/Frameworks",
				);
				PRODUCT_BUNDLE_IDENTIFIER = com.my.ass.CombineTest;
				PRODUCT_NAME = "$(TARGET_NAME)";
				SWIFT_VERSION = 5.0;
				TARGETED_DEVICE_FAMILY = "1,2";
			};
			name = Release;
		};
/* End XCBuildConfiguration section */

/* Begin XCConfigurationList section */
		874DD4F624E441AB0029CB13 /* Build configuration list for PBXProject "CombineTest" */ = {
			isa = XCConfigurationList;
			buildConfigurations = (
				874DD50D24E441AC0029CB13 /* Debug */,
				874DD50E24E441AC0029CB13 /* Release */,
			);
			defaultConfigurationIsVisible = 0;
			defaultConfigurationName = Release;
		};
		874DD50F24E441AC0029CB13 /* Build configuration list for PBXNativeTarget "CombineTest" */ = {
			isa = XCConfigurationList;
			buildConfigurations = (
				874DD51024E441AC0029CB13 /* Debug */,
				874DD51124E441AC0029CB13 /* Release */,
			);
			defaultConfigurationIsVisible = 0;
			defaultConfigurationName = Release;
		};
/* End XCConfigurationList section */
	};
	rootObject = 874DD4F324E441AB0029CB13 /* Project object */;
}
